
Microsoft Visual Studio Solution File, Format Version 12.00
# Visual Studio Version 17
VisualStudioVersion = 17.14.36414.22
MinimumVisualStudioVersion = 10.0.40219.1
Project("{FAE04EC0-301F-11D3-BF4B-00C04F79EFBC}") = "TOP Messenger", "TOP Messenger.csproj", "{7C9F4E97-F048-4841-934E-232BCA277C5A}"
EndProject
Project("{FAE04EC0-301F-11D3-BF4B-00C04F79EFBC}") = "EncryptionTesting", "..\EncryptionTesting\EncryptionTesting.csproj", "{63C8135E-E9BB-40EC-A17B-3E5C185DC5C2}"
EndProject
Global
	GlobalSection(SolutionConfigurationPlatforms) = preSolution
		Debug|Any CPU = Debug|Any CPU
		Release|Any CPU = Release|Any CPU
	EndGlobalSection
	GlobalSection(ProjectConfigurationPlatforms) = postSolution
		{7C9F4E97-F048-4841-934E-232BCA277C5A}.Debug|Any CPU.ActiveCfg = Debug|Any CPU
		{7C9F4E97-F048-4841-934E-232BCA277C5A}.Debug|Any CPU.Build.0 = Debug|Any CPU
		{7C9F4E97-F048-4841-934E-232BCA277C5A}.Release|Any CPU.ActiveCfg = Release|Any CPU
		{7C9F4E97-F048-4841-934E-232BCA277C5A}.Release|Any CPU.Build.0 = Release|Any CPU
		{63C8135E-E9BB-40EC-A17B-3E5C185DC5C2}.Debug|Any CPU.ActiveCfg = Debug|Any CPU
		{63C8135E-E9BB-40EC-A17B-3E5C185DC5C2}.Debug|Any CPU.Build.0 = Debug|Any CPU
		{63C8135E-E9BB-40EC-A17B-3E5C185DC5C2}.Release|Any CPU.ActiveCfg = Release|Any CPU
		{63C8135E-E9BB-40EC-A17B-3E5C185DC5C2}.Release|Any CPU.Build.0 = Release|Any CPU
	EndGlobalSection
	GlobalSection(SolutionProperties) = preSolution
		HideSolutionNode = FALSE
	EndGlobalSection
	GlobalSection(ExtensibilityGlobals) = postSolution
		SolutionGuid = {B22A64B2-F612-49C5-BA16-8EBD03C0851B}
	EndGlobalSection
EndGlobal
